github.com/golang-jwt/jwt/v5 v5.2.1 h1:OuVbFODueb089Lh128TAcimifWaLhJwVflnrgM17wHk=
github.com/golang-jwt/jwt/v5 v5.2.1/go.mod h1:pqrtFR0X4osieyHYxtmOUWsAWrfe1Q5UVIyoH402zdk=
github.com/ralvarezdev/go-flags v0.3.2 h1:l3f62CD5NysLAJH5XqSRGiakU/dn4pTGdX4yaBlAmMw=
github.com/ralvarezdev/go-flags v0.3.2/go.mod h1:R3yVBYvzwqfOp26LidaiJ/zftVAnPC3pKunVpV/vosE=
github.com/ralvarezdev/go-jwt v0.4.9 h1:YPXGm05uhLaQgVHMYYGFLoAU4knt/MriB6yDEJl7x5k=
github.com/ralvarezdev/go-jwt v0.4.9/go.mod h1:/6Bd1Y/5+x5bjoaZXEHuRSntK0od4nNIzJF+s4SFBAs=
github.com/ralvarezdev/go-logger v0.4.6 h1:eZalm0WAdNuhzbaVh5D7gC6AFztdpqE/GQfjH2pipyE=
github.com/ralvarezdev/go-logger v0.4.6/go.mod h1:zxuMDHqtV2eoJYtmo219lima0ZSk4p/AGj/cCc390P8=
github.com/ralvarezdev/go-reflect v0.2.4 h1:PLyzbrdNvUiRzpxSHuI9b7hJEhFes22gjNLZkbjn5AQ=
github.com/ralvarezdev/go-reflect v0.2.4/go.mod h1:jv3EqQfUixWtNeJd/Rnzf0IDcYZ1z3GApRdAGQHdHZQ=
github.com/ralvarezdev/go-strings v0.1.7 h1:rO+4TJmHJTghRWl4Nq6gfnGSyNRerunJrkS03x1SLz4=
github.com/ralvarezdev/go-strings v0.1.7/go.mod h1:8sFOqmPJpqzS7bTjf91EzUCITnwpmkfifwY80GxV5r8=
github.com/ralvarezdev/go-validator v0.5.23 h1:x2kUqG0MIZjkIUSrSpAzlGNd4H4hq6oZTobIazcUZco=
github.com/ralvarezdev/go-validator v0.5.23/go.mod h1:DqePOybfNHgcT6Pm315BQRAsms2hBLAGJfQgBlyhDv8=
golang.org/x/crypto v0.32.0 h1:euUpcYgM8WcP71gNpTqQCn6rC2t6ULUPiOzfWaXVVfc=
golang.org/x/crypto v0.32.0/go.mod h1:ZnnJkOaASj8g0AjIduWNlq2NRxL0PlBrbKVyZ6V/Ugc=
