github.com/cespare/xxhash/v2 v2.3.0 h1:UL815xU9SqsFlibzuggzjXhog7bL6oX9BbNZnL2UFvs=
github.com/cespare/xxhash/v2 v2.3.0/go.mod h1:VGX0DQ3Q6kWi7AoAeZDth3/j3BFtOZR5XLFGgcrjCOs=
github.com/dgryski/go-rendezvous v0.0.0-20200823014737-9f7001d12a5f h1:lO4WD4F/rVNCu3HqELle0jiPLLBs70cWOduZpkS1E78=
github.com/dgryski/go-rendezvous v0.0.0-20200823014737-9f7001d12a5f/go.mod h1:cuUVRXasLTGF7a8hSLbxyZXjz+1KgoB3wDUb6vlszIc=
github.com/fsnotify/fsnotify v1.4.9 h1:hsms1Qyu0jgnwNXIxa+/V/PDsU6CfLf6CNO8H7IWoS4=
github.com/fsnotify/fsnotify v1.4.9/go.mod h1:znqG4EE+3YCdAaPaxE2ZRY/06pZUdp0tY4IgpuI1SZQ=
github.com/go-redis/redis/v8 v8.11.5 h1:AcZZR7igkdvfVmQTPnu9WE37LRrO/YrBH5zWyjDC0oI=
github.com/go-redis/redis/v8 v8.11.5/go.mod h1:gREzHqY1hg6oD9ngVRbLStwAWKhA0FEgq8Jd4h5lpwo=
github.com/golang-jwt/jwt/v5 v5.3.0 h1:pv4AsKCKKZuqlgs5sUmn4x8UlGa0kEVt/puTpKx9vvo=
github.com/golang-jwt/jwt/v5 v5.3.0/go.mod h1:fxCRLWMO43lRc8nhHWY6LGqRcf+1gQWArsqaEUEa5bE=
github.com/golang/protobuf v1.5.4 h1:i7eJL8qZTpSEXOPTxNKhASYpMn+8e5Q6AdndVa1dWek=
github.com/golang/protobuf v1.5.4/go.mod h1:lnTiLA8Wa4RWRcIUkrtSVa5nRhsEGBg48fD6rSs7xps=
github.com/google/go-cmp v0.7.0 h1:wk8382ETsv4JYUZwIsn6YpYiWiBsYLSJiTsyBybVuN8=
github.com/google/go-cmp v0.7.0/go.mod h1:pXiqmnSA92OHEEa9HXL2W4E7lf9JzCmGVUdgjX3N/iU=
github.com/nxadm/tail v1.4.8 h1:nPr65rt6Y5JFSKQO7qToXr7pePgD6Gwiw05lkbyAQTE=
github.com/nxadm/tail v1.4.8/go.mod h1:+ncqLTQzXmGhMZNUePPaPqPvBxHAIsmXswZKocGu+AU=
github.com/onsi/ginkgo v1.16.5 h1:8xi0RTUf59SOSfEtZMvwTvXYMzG4gV23XVHOZiXNtnE=
github.com/onsi/ginkgo v1.16.5/go.mod h1:+E8gABHa3K6zRBolWtd+ROzc/U5bkGt0FwiG042wbpU=
github.com/onsi/gomega v1.18.1 h1:M1GfJqGRrBrrGGsbxzV5dqM2U2ApXefZCQpkukxYRLE=
github.com/onsi/gomega v1.18.1/go.mod h1:0q+aL8jAiMXy9hbwj2mr5GziHiwhAIQpFmmtT5hitRs=
github.com/ralvarezdev/go-databases v0.6.1 h1:WTmnvPCE+ngwOa3cV1JLolbDPGK22+LWWsVP7wS2Sgc=
github.com/ralvarezdev/go-databases v0.6.1/go.mod h1:c5fwtuzA+TrXCMR6kxYmu11Gl/ZLV/2SdDf5d1ULWUM=
github.com/ralvarezdev/go-flags v0.3.8 h1:b/doNRr2HsniEpz8NjbH2vxJH5WMeymIx0LAzDIOnOc=
github.com/ralvarezdev/go-flags v0.3.8/go.mod h1:R3yVBYvzwqfOp26LidaiJ/zftVAnPC3pKunVpV/vosE=
github.com/ralvarezdev/go-grpc v0.5.0 h1:Kkdl+cq/qn4xlzuBYgZEyTgTEbjcX6r9os0lGaO9g8U=
github.com/ralvarezdev/go-grpc v0.5.0/go.mod h1:kxUaAFwe4OxGYe3kA3kBYfiOBzl6eU4oYAcYscWz13Y=
github.com/ralvarezdev/go-jwt v0.5.5 h1:Mod+huHLK7m/bgqDXF4dHeuD6LhPFDCtKXEFycELXZE=
github.com/ralvarezdev/go-jwt v0.5.5/go.mod h1:7FVJv+0SNmBegRKzLisTpNd/EWAkgQgmkuBP0dcqQk8=
github.com/ralvarezdev/go-rate-limiter v0.1.9 h1:Vch/HFIoqDWB8AhY8l/vSBU5g3DsbpfHY8f0X7o9/yc=
github.com/ralvarezdev/go-rate-limiter v0.1.9/go.mod h1:na9aoJKktmzd55n7BzoyZz9YTcO0M4fcZ3wSXb/0X0M=
github.com/ralvarezdev/go-reflect v0.2.10 h1:H6N1dpvxszWrfToBZ6ZVyD87qvtQEOrCV0itix9MmCI=
github.com/ralvarezdev/go-reflect v0.2.10/go.mod h1:HFctB1EEZdN5+T9luOalTmdRfIQ9SwQd4LtxXDGicbE=
github.com/ralvarezdev/go-strings v0.1.16 h1:0yc7yamYEWVrFTK3C95IjSE5IqCs3H1alIIVEmzIolY=
github.com/ralvarezdev/go-strings v0.1.16/go.mod h1:8sFOqmPJpqzS7bTjf91EzUCITnwpmkfifwY80GxV5r8=
github.com/ralvarezdev/go-validator v0.6.13 h1:C654HUyAttX/9xaHZgZbNzs2hnnAGkL5s17an9GwvQY=
github.com/ralvarezdev/go-validator v0.6.13/go.mod h1:7+YXbc5s/dLpWNgEz1ZxJcAV9inqbukqqXvv8t84xxg=
golang.org/x/crypto v0.43.0 h1:dduJYIi3A3KOfdGOHX8AVZ/jGiyPa3IbBozJ5kNuE04=
golang.org/x/crypto v0.43.0/go.mod h1:BFbav4mRNlXJL4wNeejLpWxB7wMbc79PdRGhWKncxR0=
golang.org/x/net v0.46.0 h1:giFlY12I07fugqwPuWJi68oOnpfqFnJIJzaIIm2JVV4=
golang.org/x/net v0.46.0/go.mod h1:Q9BGdFy1y4nkUwiLvT5qtyhAnEHgnQ/zd8PfU6nc210=
golang.org/x/sys v0.37.0 h1:fdNQudmxPjkdUTPnLn5mdQv7Zwvbvpaxqs831goi9kQ=
golang.org/x/sys v0.37.0/go.mod h1:OgkHotnGiDImocRcuBABYBEXf8A9a87e/uXjp9XT3ks=
golang.org/x/text v0.30.0 h1:yznKA/E9zq54KzlzBEAWn1NXSQ8DIp/NYMy88xJjl4k=
golang.org/x/text v0.30.0/go.mod h1:yDdHFIX9t+tORqspjENWgzaCVXgk0yYnYuSZ8UzzBVM=
google.golang.org/genproto/googleapis/rpc v0.0.0-20251007200510-49b9836ed3ff h1:A90eA31Wq6HOMIQlLfzFwzqGKBTuaVztYu/g8sn+8Zc=
google.golang.org/genproto/googleapis/rpc v0.0.0-20251007200510-49b9836ed3ff/go.mod h1:7i2o+ce6H/6BluujYR+kqX3GKH+dChPTQU19wjRPiGk=
google.golang.org/grpc v1.76.0 h1:UnVkv1+uMLYXoIz6o7chp59WfQUYA2ex/BXQ9rHZu7A=
google.golang.org/grpc v1.76.0/go.mod h1:Ju12QI8M6iQJtbcsV+awF5a4hfJMLi4X0JLo94ULZ6c=
google.golang.org/protobuf v1.36.10 h1:AYd7cD/uASjIL6Q9LiTjz8JLcrh/88q5UObnmY3aOOE=
google.golang.org/protobuf v1.36.10/go.mod h1:HTf+CrKn2C3g5S8VImy6tdcUvCska2kB7j23XfzDpco=
gopkg.in/tomb.v1 v1.0.0-20141024135613-dd632973f1e7 h1:uRGJdciOHaEIrze2W8Q3AKkepLTh2hOroT7a+7czfdQ=
gopkg.in/tomb.v1 v1.0.0-20141024135613-dd632973f1e7/go.mod h1:dt/ZhP58zS4L8KSrWDmTeBkI65Dw0HsyUHuEVlX15mw=
gopkg.in/yaml.v2 v2.4.0 h1:D8xgwECY7CYvx+Y2n4sBz93Jn9JRvxdiyyo8CTfuKaY=
gopkg.in/yaml.v2 v2.4.0/go.mod h1:RDklbk79AGWmwhnvt/jBztapEOGDOx6ZbXqjP6csGnQ=
